
Microsoft Visual Studio Solution File, Format Version 12.00
# Visual Studio Version 17
VisualStudioVersion = 17.3.32901.215
MinimumVisualStudioVersion = 10.0.40219.1
Project("{FAE04EC0-301F-11D3-BF4B-00C04F79EFBC}") = "POS SYSTEM", "POS SYSTEM\POS SYSTEM.csproj", "{7E1AB151-6D41-41E3-8199-AFAF59A542A9}"
EndProject
Project("{54435603-DBB4-11D2-8724-00A0C9A8B90C}") = "POSSystem", "POSSystem\POSSystem.vdproj", "{012AD329-9A70-4E18-9796-6F2DB0218CAD}"
EndProject
Global
	GlobalSection(SolutionConfigurationPlatforms) = preSolution
		Debug|Any CPU = Debug|Any CPU
		Release|Any CPU = Release|Any CPU
	EndGlobalSection
	GlobalSection(ProjectConfigurationPlatforms) = postSolution
		{7E1AB151-6D41-41E3-8199-AFAF59A542A9}.Debug|Any CPU.ActiveCfg = Debug|Any CPU
		{7E1AB151-6D41-41E3-8199-AFAF59A542A9}.Debug|Any CPU.Build.0 = Debug|Any CPU
		{7E1AB151-6D41-41E3-8199-AFAF59A542A9}.Release|Any CPU.ActiveCfg = Release|Any CPU
		{7E1AB151-6D41-41E3-8199-AFAF59A542A9}.Release|Any CPU.Build.0 = Release|Any CPU
		{012AD329-9A70-4E18-9796-6F2DB0218CAD}.Debug|Any CPU.ActiveCfg = Debug
		{012AD329-9A70-4E18-9796-6F2DB0218CAD}.Release|Any CPU.ActiveCfg = Release
	EndGlobalSection
	GlobalSection(SolutionProperties) = preSolution
		HideSolutionNode = FALSE
	EndGlobalSection
	GlobalSection(ExtensibilityGlobals) = postSolution
		SolutionGuid = {AD5D6F01-D8FF-451F-9A07-7C94628313F1}
	EndGlobalSection
EndGlobal
